
Microsoft Visual Studio Solution File, Format Version 12.00
# Visual Studio Version 16
VisualStudioVersion = 16.0.29613.14
MinimumVisualStudioVersion = 10.0.40219.1
Project("{FAE04EC0-301F-11D3-BF4B-00C04F79EFBC}") = "GestioneRubrica", "GestioneRubrica\GestioneRubrica.csproj", "{872040C3-C31C-4011-9A52-E8918A10D803}"
EndProject
Global
	GlobalSection(SolutionConfigurationPlatforms) = preSolution
		Debug|Any CPU = Debug|Any CPU
		Release|Any CPU = Release|Any CPU
	EndGlobalSection
	GlobalSection(ProjectConfigurationPlatforms) = postSolution
		{872040C3-C31C-4011-9A52-E8918A10D803}.Debug|Any CPU.ActiveCfg = Debug|Any CPU
		{872040C3-C31C-4011-9A52-E8918A10D803}.Debug|Any CPU.Build.0 = Debug|Any CPU
		{872040C3-C31C-4011-9A52-E8918A10D803}.Release|Any CPU.ActiveCfg = Release|Any CPU
		{872040C3-C31C-4011-9A52-E8918A10D803}.Release|Any CPU.Build.0 = Release|Any CPU
	EndGlobalSection
	GlobalSection(SolutionProperties) = preSolution
		HideSolutionNode = FALSE
	EndGlobalSection
	GlobalSection(ExtensibilityGlobals) = postSolution
		SolutionGuid = {6F51E965-957B-4BCA-8E3D-B3D6DA42FCA6}
	EndGlobalSection
EndGlobal
